
Microsoft Visual Studio Solution File, Format Version 12.00
# Visual Studio Version 16
VisualStudioVersion = 16.0.31205.134
MinimumVisualStudioVersion = 10.0.40219.1
Project("{FAE04EC0-301F-11D3-BF4B-00C04F79EFBC}") = "ProjectSINGWI_TableParsing", "ProjectSINGWI_TableParsing\ProjectSINGWI_TableParsing.csproj", "{DEFE8862-CF6D-4D9C-8F57-87AC3C23A33B}"
EndProject
Global
	GlobalSection(SolutionConfigurationPlatforms) = preSolution
		Debug|Any CPU = Debug|Any CPU
		Release|Any CPU = Release|Any CPU
	EndGlobalSection
	GlobalSection(ProjectConfigurationPlatforms) = postSolution
		{DEFE8862-CF6D-4D9C-8F57-87AC3C23A33B}.Debug|Any CPU.ActiveCfg = Debug|Any CPU
		{DEFE8862-CF6D-4D9C-8F57-87AC3C23A33B}.Debug|Any CPU.Build.0 = Debug|Any CPU
		{DEFE8862-CF6D-4D9C-8F57-87AC3C23A33B}.Release|Any CPU.ActiveCfg = Release|Any CPU
		{DEFE8862-CF6D-4D9C-8F57-87AC3C23A33B}.Release|Any CPU.Build.0 = Release|Any CPU
	EndGlobalSection
	GlobalSection(SolutionProperties) = preSolution
		HideSolutionNode = FALSE
	EndGlobalSection
	GlobalSection(ExtensibilityGlobals) = postSolution
		SolutionGuid = {D98754A4-7573-4F0F-A1C2-BA72EE469464}
	EndGlobalSection
EndGlobal
